
Microsoft Visual Studio Solution File, Format Version 12.00
# Visual Studio Version 17
VisualStudioVersion = 17.4.33205.214
MinimumVisualStudioVersion = 10.0.40219.1
Project("{9A19103F-16F7-4668-BE54-9A1E7A4F7556}") = "FTKModLib.Example", "FTKModLib.Example.csproj", "{356BABF2-6C83-4E61-AF30-EE5BECF0A99B}"
EndProject
Project("{9A19103F-16F7-4668-BE54-9A1E7A4F7556}") = "FTKAPI", "..\FTKAPI\FTKAPI.csproj", "{5EF99838-4731-4522-940D-C5BEFEDCEED7}"
EndProject
Global
	GlobalSection(SolutionConfigurationPlatforms) = preSolution
		Debug|Any CPU = Debug|Any CPU
		Release|Any CPU = Release|Any CPU
	EndGlobalSection
	GlobalSection(ProjectConfigurationPlatforms) = postSolution
		{356BABF2-6C83-4E61-AF30-EE5BECF0A99B}.Debug|Any CPU.ActiveCfg = Debug|Any CPU
		{356BABF2-6C83-4E61-AF30-EE5BECF0A99B}.Debug|Any CPU.Build.0 = Debug|Any CPU
		{356BABF2-6C83-4E61-AF30-EE5BECF0A99B}.Release|Any CPU.ActiveCfg = Release|Any CPU
		{356BABF2-6C83-4E61-AF30-EE5BECF0A99B}.Release|Any CPU.Build.0 = Release|Any CPU
		{5EF99838-4731-4522-940D-C5BEFEDCEED7}.Debug|Any CPU.ActiveCfg = Debug|Any CPU
		{5EF99838-4731-4522-940D-C5BEFEDCEED7}.Debug|Any CPU.Build.0 = Debug|Any CPU
		{5EF99838-4731-4522-940D-C5BEFEDCEED7}.Release|Any CPU.ActiveCfg = Release|Any CPU
		{5EF99838-4731-4522-940D-C5BEFEDCEED7}.Release|Any CPU.Build.0 = Release|Any CPU
	EndGlobalSection
	GlobalSection(SolutionProperties) = preSolution
		HideSolutionNode = FALSE
	EndGlobalSection
	GlobalSection(ExtensibilityGlobals) = postSolution
		SolutionGuid = {59094B0A-3AE6-4939-B82D-27D8E249D4AA}
	EndGlobalSection
EndGlobal
